[[tools.act]]
version = "0.2.84"
backend = "aqua:nektos/act"

[[tools.buf]]
version = "1.65.0"
backend = "aqua:bufbuild/buf"

[[tools."cargo:https://github.com/pamburus/hl.git"]]
version = "HEAD"
backend = "cargo:https://github.com/pamburus/hl.git"

[[tools.docker-compose]]
version = "5.0.2"
backend = "aqua:docker/compose"

[[tools.gh]]
version = "2.80.0"
backend = "aqua:cli/cli"

[[tools.go]]
version = "1.24.12"
backend = "core:go"

[[tools."go:github.com/air-verse/air"]]
version = "v1.62"
backend = "go:github.com/air-verse/air"

[[tools."go:github.com/aurc/loggo"]]
version = "0.3.21"
backend = "go:github.com/aurc/loggo"

[[tools."go:github.com/fullstorydev/grpcurl/cmd/grpcurl"]]
version = "1.9.2"
backend = "go:github.com/fullstorydev/grpcurl/cmd/grpcurl"

[[tools."go:github.com/unkn0wn-root/resterm/cmd/resterm"]]
version = "0.19.1"
backend = "go:github.com/unkn0wn-root/resterm/cmd/resterm"

[[tools."go:gotest.tools/gotestsum"]]
version = "v1.12.2"
backend = "go:gotest.tools/gotestsum"

[[tools.golangci-lint]]
version = "v2.8.0"
backend = "aqua:golangci/golangci-lint"

[[tools.lefthook]]
version = "v2.0.15"
backend = "aqua:evilmartians/lefthook"

[[tools.watchexec]]
version = "2.5.0"
backend = "aqua:watchexec/watchexec"
