# @generated - this file is auto-generated by `mise lock` https://mise.en.dev/dev-tools/mise-lock.html

[[tools.act]]
version = "0.2.84"
backend = "aqua:nektos/act"

[[tools.buf]]
version = "1.65.0"
backend = "aqua:bufbuild/buf"

[[tools."cargo:https://github.com/pamburus/hl.git"]]
version = "HEAD"
backend = "cargo:https://github.com/pamburus/hl.git"

[[tools.docker-compose]]
version = "5.0.2"
backend = "aqua:docker/compose"

[[tools.gh]]
version = "2.80.0"
backend = "aqua:cli/cli"

[[tools."github:fullstorydev/grpcurl"]]
version = "1.9.3"
backend = "github:fullstorydev/grpcurl"

[tools."github:fullstorydev/grpcurl"."platforms.linux-arm64"]
checksum = "sha256:b20a00c1cb82ab81ec32696766d4076e99b4cb5ca0823a71767ba64dbea0f263"
url = "https://github.com/fullstorydev/grpcurl/releases/download/v1.9.3/grpcurl_1.9.3_linux_arm64.tar.gz"
url_api = "https://api.github.com/repos/fullstorydev/grpcurl/releases/assets/236574411"

[tools."github:fullstorydev/grpcurl"."platforms.linux-arm64-musl"]
checksum = "sha256:b20a00c1cb82ab81ec32696766d4076e99b4cb5ca0823a71767ba64dbea0f263"
url = "https://github.com/fullstorydev/grpcurl/releases/download/v1.9.3/grpcurl_1.9.3_linux_arm64.tar.gz"
url_api = "https://api.github.com/repos/fullstorydev/grpcurl/releases/assets/236574411"

[tools."github:fullstorydev/grpcurl"."platforms.linux-x64"]
checksum = "sha256:a926b62a85787ccf73ef8736b3ae554f1242e39d92bb8767a79d6dd23b11d1d5"
url = "https://github.com/fullstorydev/grpcurl/releases/download/v1.9.3/grpcurl_1.9.3_linux_x86_64.tar.gz"
url_api = "https://api.github.com/repos/fullstorydev/grpcurl/releases/assets/236574401"
github_attestations = "unavailable"

[tools."github:fullstorydev/grpcurl"."platforms.linux-x64-musl"]
checksum = "sha256:a926b62a85787ccf73ef8736b3ae554f1242e39d92bb8767a79d6dd23b11d1d5"
url = "https://github.com/fullstorydev/grpcurl/releases/download/v1.9.3/grpcurl_1.9.3_linux_x86_64.tar.gz"
url_api = "https://api.github.com/repos/fullstorydev/grpcurl/releases/assets/236574401"

[tools."github:fullstorydev/grpcurl"."platforms.macos-arm64"]
checksum = "sha256:d8391485e99a728a3a4e82af3fd621f9fdea0c417a74e5122803ad20b207b623"
url = "https://github.com/fullstorydev/grpcurl/releases/download/v1.9.3/grpcurl_1.9.3_osx_arm64.tar.gz"
url_api = "https://api.github.com/repos/fullstorydev/grpcurl/releases/assets/236574407"

[tools."github:fullstorydev/grpcurl"."platforms.macos-x64"]
checksum = "sha256:246a6669e58c282dcaf0e9dcb06dd1c8681833d59df24eb83d3123ec64c2d2e5"
url = "https://github.com/fullstorydev/grpcurl/releases/download/v1.9.3/grpcurl_1.9.3_osx_x86_64.tar.gz"
url_api = "https://api.github.com/repos/fullstorydev/grpcurl/releases/assets/236574400"

[tools."github:fullstorydev/grpcurl"."platforms.windows-x64"]
checksum = "sha256:895335dfa7be74803eeb5acf3ec5d3b06c1e9483fdda3c7622bdef9ad388f32a"
url = "https://github.com/fullstorydev/grpcurl/releases/download/v1.9.3/grpcurl_1.9.3_windows_x86_64.zip"
url_api = "https://api.github.com/repos/fullstorydev/grpcurl/releases/assets/236574405"

[[tools."github:unkn0wn-root/resterm"]]
version = "0.36.3"
backend = "github:unkn0wn-root/resterm"

[tools."github:unkn0wn-root/resterm"."platforms.linux-arm64"]
checksum = "sha256:ebe822c6318cb93d8938a17da211afdaa747469d86e4be58d6bacf53bdbcd593"
url = "https://github.com/unkn0wn-root/resterm/releases/download/v0.36.3/resterm_Linux_arm64"
url_api = "https://api.github.com/repos/unkn0wn-root/resterm/releases/assets/413439265"

[tools."github:unkn0wn-root/resterm"."platforms.linux-arm64-musl"]
checksum = "sha256:ebe822c6318cb93d8938a17da211afdaa747469d86e4be58d6bacf53bdbcd593"
url = "https://github.com/unkn0wn-root/resterm/releases/download/v0.36.3/resterm_Linux_arm64"
url_api = "https://api.github.com/repos/unkn0wn-root/resterm/releases/assets/413439265"

[tools."github:unkn0wn-root/resterm"."platforms.linux-x64"]
checksum = "sha256:5905211404bdd4d4a7fd062a60117a1e63dfd046f19b065665a37ba90d6e8738"
url = "https://github.com/unkn0wn-root/resterm/releases/download/v0.36.3/resterm_Linux_x86_64"
url_api = "https://api.github.com/repos/unkn0wn-root/resterm/releases/assets/413439015"
github_attestations = "unavailable"

[tools."github:unkn0wn-root/resterm"."platforms.linux-x64-musl"]
checksum = "sha256:5905211404bdd4d4a7fd062a60117a1e63dfd046f19b065665a37ba90d6e8738"
url = "https://github.com/unkn0wn-root/resterm/releases/download/v0.36.3/resterm_Linux_x86_64"
url_api = "https://api.github.com/repos/unkn0wn-root/resterm/releases/assets/413439015"

[tools."github:unkn0wn-root/resterm"."platforms.macos-arm64"]
checksum = "sha256:170eb63c4572bb5bfe5b2d60170efd2211b5581d7235234743068ee3371b6074"
url = "https://github.com/unkn0wn-root/resterm/releases/download/v0.36.3/resterm_Darwin_arm64"
url_api = "https://api.github.com/repos/unkn0wn-root/resterm/releases/assets/413439078"

[tools."github:unkn0wn-root/resterm"."platforms.macos-x64"]
checksum = "sha256:2161ff12c8bd2c2e52394dfbb57c85d039f4b404474d8f9cd1c8750cea25e3be"
url = "https://github.com/unkn0wn-root/resterm/releases/download/v0.36.3/resterm_Darwin_x86_64"
url_api = "https://api.github.com/repos/unkn0wn-root/resterm/releases/assets/413439029"

[tools."github:unkn0wn-root/resterm"."platforms.windows-x64"]
checksum = "sha256:2d6eb83e824b6edc677b7a2ae1306c8a28072adad158d7be4d31b7416a3795a8"
url = "https://github.com/unkn0wn-root/resterm/releases/download/v0.36.3/resterm_Windows_x86_64.exe"
url_api = "https://api.github.com/repos/unkn0wn-root/resterm/releases/assets/413439034"

[[tools."github:vektra/mockery"]]
version = "3.7.0"
backend = "github:vektra/mockery"

[tools."github:vektra/mockery"."platforms.linux-arm64"]
checksum = "sha256:94dab8c6d8421630da51fe950b4f0f1180e5bef6022a3a5b3fe537acace94741"
url = "https://github.com/vektra/mockery/releases/download/v3.7.0/mockery_3.7.0_Linux_arm64.tar.gz"
url_api = "https://api.github.com/repos/vektra/mockery/releases/assets/368403810"

[tools."github:vektra/mockery"."platforms.linux-arm64-musl"]
checksum = "sha256:94dab8c6d8421630da51fe950b4f0f1180e5bef6022a3a5b3fe537acace94741"
url = "https://github.com/vektra/mockery/releases/download/v3.7.0/mockery_3.7.0_Linux_arm64.tar.gz"
url_api = "https://api.github.com/repos/vektra/mockery/releases/assets/368403810"

[tools."github:vektra/mockery"."platforms.linux-x64"]
checksum = "sha256:5e10597d9741d7b8cda699f044b24c9e8b51467dce413e79516d7cd9373c2896"
url = "https://github.com/vektra/mockery/releases/download/v3.7.0/mockery_3.7.0_Linux_x86_64.tar.gz"
url_api = "https://api.github.com/repos/vektra/mockery/releases/assets/368403812"

[tools."github:vektra/mockery"."platforms.linux-x64-musl"]
checksum = "sha256:5e10597d9741d7b8cda699f044b24c9e8b51467dce413e79516d7cd9373c2896"
url = "https://github.com/vektra/mockery/releases/download/v3.7.0/mockery_3.7.0_Linux_x86_64.tar.gz"
url_api = "https://api.github.com/repos/vektra/mockery/releases/assets/368403812"

[tools."github:vektra/mockery"."platforms.macos-arm64"]
checksum = "sha256:c0a8ea54d602c071775d1692321d385903ccc80bd2d1ae9f230539a195643d7d"
url = "https://github.com/vektra/mockery/releases/download/v3.7.0/mockery_3.7.0_Darwin_arm64.tar.gz"
url_api = "https://api.github.com/repos/vektra/mockery/releases/assets/368403803"

[tools."github:vektra/mockery"."platforms.macos-x64"]
checksum = "sha256:36e7357fd160689a9a8ae57726e099761159845e2749ba31091589853a5a894d"
url = "https://github.com/vektra/mockery/releases/download/v3.7.0/mockery_3.7.0_Darwin_x86_64.tar.gz"
url_api = "https://api.github.com/repos/vektra/mockery/releases/assets/368403802"

[tools."github:vektra/mockery"."platforms.windows-x64"]
checksum = "sha256:76d524ad1740cd02ed621d90015f538fdb53cf6cd4a1ad4d289db017fb69bd0e"
url = "https://github.com/vektra/mockery/releases/download/v3.7.0/mockery_3.7.0_Windows_x86_64.tar.gz"
url_api = "https://api.github.com/repos/vektra/mockery/releases/assets/368403801"

[[tools.go]]
version = "1.26.1"
backend = "core:go"

[tools.go."platforms.linux-arm64"]
checksum = "sha256:a290581cfe4fe28ddd737dde3095f3dbeb7f2e4065cab4eae44dfc53b760c2f7"
url = "https://dl.google.com/go/go1.26.1.linux-arm64.tar.gz"

[tools.go."platforms.linux-arm64-musl"]
checksum = "sha256:a290581cfe4fe28ddd737dde3095f3dbeb7f2e4065cab4eae44dfc53b760c2f7"
url = "https://dl.google.com/go/go1.26.1.linux-arm64.tar.gz"

[tools.go."platforms.linux-x64"]
checksum = "sha256:031f088e5d955bab8657ede27ad4e3bc5b7c1ba281f05f245bcc304f327c987a"
url = "https://dl.google.com/go/go1.26.1.linux-amd64.tar.gz"

[tools.go."platforms.linux-x64-musl"]
checksum = "sha256:031f088e5d955bab8657ede27ad4e3bc5b7c1ba281f05f245bcc304f327c987a"
url = "https://dl.google.com/go/go1.26.1.linux-amd64.tar.gz"

[tools.go."platforms.macos-arm64"]
checksum = "sha256:353df43a7811ce284c8938b5f3c7df40b7bfb6f56cb165b150bc40b5e2dd541f"
url = "https://dl.google.com/go/go1.26.1.darwin-arm64.tar.gz"

[tools.go."platforms.macos-x64"]
checksum = "sha256:65773dab2f8cc4cd23d93ba6d0a805de150ca0b78378879292be0b903b8cdd08"
url = "https://dl.google.com/go/go1.26.1.darwin-amd64.tar.gz"

[tools.go."platforms.windows-x64"]
checksum = "sha256:9b68112c913f45b7aebbf13c036721264bbba7e03a642f8f7490c561eebd1ecc"
url = "https://dl.google.com/go/go1.26.1.windows-amd64.zip"

[[tools."go:github.com/air-verse/air"]]
version = "v1.62"
backend = "go:github.com/air-verse/air"

[[tools."go:github.com/aurc/loggo"]]
version = "0.3.21"
backend = "go:github.com/aurc/loggo"

[[tools."go:github.com/fullstorydev/grpcurl/cmd/grpcurl"]]
version = "1.9.2"
backend = "go:github.com/fullstorydev/grpcurl/cmd/grpcurl"

[[tools."go:github.com/unkn0wn-root/resterm/cmd/resterm"]]
version = "0.19.1"
backend = "go:github.com/unkn0wn-root/resterm/cmd/resterm"

[[tools."go:golang.org/x/tools/cmd/goimports"]]
version = "0.42.0"
backend = "go:golang.org/x/tools/cmd/goimports"

[[tools."go:gotest.tools/gotestsum"]]
version = "1.12.3"
backend = "go:gotest.tools/gotestsum"

[[tools.gofumpt]]
version = "v0.9.2"
backend = "aqua:mvdan/gofumpt"

[tools.gofumpt."platforms.linux-arm64"]
checksum = "sha256:5acaa5a554050f55fc81ef02a8b0d14ab6b3c058a84513885286dc52d3451645"
url = "https://github.com/mvdan/gofumpt/releases/download/v0.9.2/gofumpt_v0.9.2_linux_arm64"

[tools.gofumpt."platforms.linux-arm64-musl"]
checksum = "sha256:5acaa5a554050f55fc81ef02a8b0d14ab6b3c058a84513885286dc52d3451645"
url = "https://github.com/mvdan/gofumpt/releases/download/v0.9.2/gofumpt_v0.9.2_linux_arm64"

[tools.gofumpt."platforms.linux-x64"]
checksum = "sha256:72cf61b12fef91eab6df6db4a4284f30616b5ead330112e28a1fa1cb15e57339"
url = "https://github.com/mvdan/gofumpt/releases/download/v0.9.2/gofumpt_v0.9.2_linux_amd64"

[tools.gofumpt."platforms.linux-x64-musl"]
checksum = "sha256:72cf61b12fef91eab6df6db4a4284f30616b5ead330112e28a1fa1cb15e57339"
url = "https://github.com/mvdan/gofumpt/releases/download/v0.9.2/gofumpt_v0.9.2_linux_amd64"

[tools.gofumpt."platforms.macos-arm64"]
checksum = "sha256:c241fb742599a6cb0563d7377f59def65d451b23dd718dbc6ddf4ab5e695e8f1"
url = "https://github.com/mvdan/gofumpt/releases/download/v0.9.2/gofumpt_v0.9.2_darwin_arm64"

[tools.gofumpt."platforms.macos-x64"]
checksum = "sha256:4172b912ec514038605f334fef9ed7b3f12ca3e40024cb0a622eab3073a55e57"
url = "https://github.com/mvdan/gofumpt/releases/download/v0.9.2/gofumpt_v0.9.2_darwin_amd64"

[tools.gofumpt."platforms.windows-x64"]
checksum = "sha256:067236b55a8ef4547ddc7d78fbb7a38169de15bab02a1763cde6a132c59dd35c"
url = "https://github.com/mvdan/gofumpt/releases/download/v0.9.2/gofumpt_v0.9.2_windows_amd64.exe"

[[tools.golangci-lint]]
version = "v2.12.2"
backend = "aqua:golangci/golangci-lint"

[tools.golangci-lint."platforms.linux-arm64"]
checksum = "sha256:44cd40a8c76c86755375adfeea52cfd3533cb43d7bd647771e0ae065e166df3a"
url = "https://github.com/golangci/golangci-lint/releases/download/v2.12.2/golangci-lint-2.12.2-linux-arm64.tar.gz"
provenance = "github-attestations"

[tools.golangci-lint."platforms.linux-arm64-musl"]
checksum = "sha256:44cd40a8c76c86755375adfeea52cfd3533cb43d7bd647771e0ae065e166df3a"
url = "https://github.com/golangci/golangci-lint/releases/download/v2.12.2/golangci-lint-2.12.2-linux-arm64.tar.gz"
provenance = "github-attestations"

[tools.golangci-lint."platforms.linux-x64"]
checksum = "sha256:8df580d2670fed8fa984aac0507099af8df275e665215f5c7a2ae3943893a553"
url = "https://github.com/golangci/golangci-lint/releases/download/v2.12.2/golangci-lint-2.12.2-linux-amd64.tar.gz"
provenance = "github-attestations"

[tools.golangci-lint."platforms.linux-x64-musl"]
checksum = "sha256:8df580d2670fed8fa984aac0507099af8df275e665215f5c7a2ae3943893a553"
url = "https://github.com/golangci/golangci-lint/releases/download/v2.12.2/golangci-lint-2.12.2-linux-amd64.tar.gz"
provenance = "github-attestations"

[tools.golangci-lint."platforms.macos-arm64"]
checksum = "sha256:a9c54498731b3128f79e090be6110f3e5fffccc617b08142ed244d4126c73f29"
url = "https://github.com/golangci/golangci-lint/releases/download/v2.12.2/golangci-lint-2.12.2-darwin-arm64.tar.gz"
provenance = "github-attestations"

[tools.golangci-lint."platforms.macos-x64"]
checksum = "sha256:f6f06d94b6241521c53d15450c5209b028270bf966f842afb11c030c79f5bc16"
url = "https://github.com/golangci/golangci-lint/releases/download/v2.12.2/golangci-lint-2.12.2-darwin-amd64.tar.gz"
provenance = "github-attestations"

[tools.golangci-lint."platforms.windows-x64"]
checksum = "sha256:bd42e3ebc8cb4ececb86941983baaf1dc221bbb04d838e94ce63b49cc91e02bb"
url = "https://github.com/golangci/golangci-lint/releases/download/v2.12.2/golangci-lint-2.12.2-windows-amd64.zip"
provenance = "github-attestations"

[[tools.gotestsum]]
version = "1.13.0"
backend = "aqua:gotestyourself/gotestsum"

[tools.gotestsum."platforms.linux-arm64"]
checksum = "sha256:7644a4c5cd1bb978d56245aeab25a586ac5ac62adebed20a399548867c13499d"
url = "https://github.com/gotestyourself/gotestsum/releases/download/v1.13.0/gotestsum_1.13.0_linux_arm64.tar.gz"

[tools.gotestsum."platforms.linux-arm64-musl"]
checksum = "sha256:7644a4c5cd1bb978d56245aeab25a586ac5ac62adebed20a399548867c13499d"
url = "https://github.com/gotestyourself/gotestsum/releases/download/v1.13.0/gotestsum_1.13.0_linux_arm64.tar.gz"

[tools.gotestsum."platforms.linux-x64"]
checksum = "sha256:11ccddeaf708ef228889f9fe2f68291a75b27013ddfc3b18156e094f5f40e8ee"
url = "https://github.com/gotestyourself/gotestsum/releases/download/v1.13.0/gotestsum_1.13.0_linux_amd64.tar.gz"

[tools.gotestsum."platforms.linux-x64-musl"]
checksum = "sha256:11ccddeaf708ef228889f9fe2f68291a75b27013ddfc3b18156e094f5f40e8ee"
url = "https://github.com/gotestyourself/gotestsum/releases/download/v1.13.0/gotestsum_1.13.0_linux_amd64.tar.gz"

[tools.gotestsum."platforms.macos-arm64"]
checksum = "sha256:509cb27aef747f48faf9bce424f59dcf79572c905204b990ee935bbfcc7fa0e9"
url = "https://github.com/gotestyourself/gotestsum/releases/download/v1.13.0/gotestsum_1.13.0_darwin_arm64.tar.gz"

[tools.gotestsum."platforms.macos-x64"]
checksum = "sha256:99529350f4c7b780b1efc543ca0d9721b09f0a4228f0efa9281261f58fefa05a"
url = "https://github.com/gotestyourself/gotestsum/releases/download/v1.13.0/gotestsum_1.13.0_darwin_amd64.tar.gz"

[tools.gotestsum."platforms.windows-x64"]
checksum = "sha256:fd5a6dc69e46a0970593e70d85a7e75f16714e9c61d6d72ccc324eb82df5bb8a"
url = "https://github.com/gotestyourself/gotestsum/releases/download/v1.13.0/gotestsum_1.13.0_windows_amd64.tar.gz"

[[tools.lefthook]]
version = "v2.0.15"
backend = "aqua:evilmartians/lefthook"

[[tools.protoc]]
version = "32.1"
backend = "aqua:protocolbuffers/protobuf/protoc"

[tools.protoc."platforms.linux-arm64"]
checksum = "sha256:4a802ed23d70f7bad7eb19e5a3e724b3aa967250d572cadfd537c1ba939aee6a"
url = "https://github.com/protocolbuffers/protobuf/releases/download/v32.1/protoc-32.1-linux-aarch_64.zip"

[tools.protoc."platforms.linux-arm64-musl"]
checksum = "sha256:4a802ed23d70f7bad7eb19e5a3e724b3aa967250d572cadfd537c1ba939aee6a"
url = "https://github.com/protocolbuffers/protobuf/releases/download/v32.1/protoc-32.1-linux-aarch_64.zip"

[tools.protoc."platforms.linux-x64"]
checksum = "sha256:e9c129c176bb7df02546c4cd6185126ca53c89e7d2f09511e209319704b5dd7e"
url = "https://github.com/protocolbuffers/protobuf/releases/download/v32.1/protoc-32.1-linux-x86_64.zip"

[tools.protoc."platforms.linux-x64-musl"]
checksum = "sha256:e9c129c176bb7df02546c4cd6185126ca53c89e7d2f09511e209319704b5dd7e"
url = "https://github.com/protocolbuffers/protobuf/releases/download/v32.1/protoc-32.1-linux-x86_64.zip"

[tools.protoc."platforms.macos-arm64"]
checksum = "sha256:a7b51b2113862690fa52c62f8891a6037bafb9db88d4f9924c486de9d9bb89d5"
url = "https://github.com/protocolbuffers/protobuf/releases/download/v32.1/protoc-32.1-osx-aarch_64.zip"

[tools.protoc."platforms.macos-x64"]
checksum = "sha256:f9caa5b4d0b537acffb0ffd7d53225511a5574ef903fca550ea9e7600987f13b"
url = "https://github.com/protocolbuffers/protobuf/releases/download/v32.1/protoc-32.1-osx-x86_64.zip"

[tools.protoc."platforms.windows-x64"]
checksum = "sha256:69569cbc178cd5785ecb7d93569913110677eafeb4b8f82970c361fad4c7cd66"
url = "https://github.com/protocolbuffers/protobuf/releases/download/v32.1/protoc-32.1-win64.zip"

[[tools.watchexec]]
version = "2.5.0"
backend = "aqua:watchexec/watchexec"
